
Microsoft Visual Studio Solution File, Format Version 12.00
# Visual Studio Version 17
VisualStudioVersion = 17.0.31903.59
MinimumVisualStudioVersion = 10.0.40219.1
Project("{2150E333-8FDC-42A3-9474-1A3956D46DE8}") = "src", "src", "{66321724-0D66-4943-8F74-52ECBB719D50}"
EndProject
Project("{2150E333-8FDC-42A3-9474-1A3956D46DE8}") = "Core", "Core", "{4DE4E21A-AF45-4B3B-8093-462B0142A515}"
EndProject
Project("{FAE04EC0-301F-11D3-BF4B-00C04F79EFBC}") = "MotorcycleRental.Core.Domain", "src\Core\MotorcycleRental.Core.Domain\MotorcycleRental.Core.Domain.csproj", "{4D10C939-59CF-429D-BD7A-D8DAFB5C6E4F}"
EndProject
Project("{FAE04EC0-301F-11D3-BF4B-00C04F79EFBC}") = "MotorcycleRental.Core.Application", "src\Core\MotorcycleRental.Core.Application\MotorcycleRental.Core.Application.csproj", "{BB1F7F9A-C9F0-4F31-A782-6825AE6EE1FA}"
EndProject
Project("{FAE04EC0-301F-11D3-BF4B-00C04F79EFBC}") = "MotorcycleRental.Core.Infrastructure", "src\Core\MotorcycleRental.Core.Infrastructure\MotorcycleRental.Core.Infrastructure.csproj", "{CFD45757-4D35-4AF0-A44C-539C5258955B}"
EndProject
Project("{FAE04EC0-301F-11D3-BF4B-00C04F79EFBC}") = "MotorcycleRental.Core.Presentation", "src\Core\MotorcycleRental.Core.Presentation\MotorcycleRental.Core.Presentation.csproj", "{54AE0651-0EB0-4940-97CF-5CDA836137EB}"
EndProject
Project("{2150E333-8FDC-42A3-9474-1A3956D46DE8}") = "tests", "tests", "{C24B0F9C-5641-4309-A77D-E275871FDD72}"
EndProject
Project("{2150E333-8FDC-42A3-9474-1A3956D46DE8}") = "Core", "Core", "{060F883A-8E91-4C04-B44B-8CB3F98A02ED}"
EndProject
Project("{2150E333-8FDC-42A3-9474-1A3956D46DE8}") = "UnitTests", "UnitTests", "{7B81A284-E44E-49B9-A91B-3FCD89BE04D1}"
EndProject
Project("{FAE04EC0-301F-11D3-BF4B-00C04F79EFBC}") = "MotorcycleRental.Core.Domain.UnitTests", "tests\Core\UnitTests\MotorcycleRental.Core.Domain.UnitTests\MotorcycleRental.Core.Domain.UnitTests.csproj", "{E3241C44-5C21-4269-9B89-CC5C510D3A09}"
EndProject
Project("{FAE04EC0-301F-11D3-BF4B-00C04F79EFBC}") = "MotorcycleRental.Core.Application.UnitTests", "tests\Core\UnitTests\MotorcycleRental.Core.Application.UnitTests\MotorcycleRental.Core.Application.UnitTests.csproj", "{03AB5AE7-0CB2-40A0-85E0-A591B73A7BAD}"
EndProject
Project("{FAE04EC0-301F-11D3-BF4B-00C04F79EFBC}") = "MotorcycleRental.Core.Presentation.UnitTests", "tests\Core\UnitTests\MotorcycleRental.Core.Presentation.UnitTests\MotorcycleRental.Core.Presentation.UnitTests.csproj", "{AEC6012B-7BA2-404B-9925-73E37306E04A}"
EndProject
Project("{2150E333-8FDC-42A3-9474-1A3956D46DE8}") = "Users", "Users", "{D23FDBCF-42CE-489F-BB72-CF5F9FC1A51D}"
EndProject
Project("{FAE04EC0-301F-11D3-BF4B-00C04F79EFBC}") = "MotorcycleRental.Users.Domain", "src\Users\MotorcycleRental.Users.Domain\MotorcycleRental.Users.Domain.csproj", "{1012F443-518F-4126-9DCC-D4A5FBCFE32D}"
EndProject
Project("{2150E333-8FDC-42A3-9474-1A3956D46DE8}") = "Users", "Users", "{94CF7589-D24C-4E35-B978-AEB8CBA37275}"
EndProject
Project("{2150E333-8FDC-42A3-9474-1A3956D46DE8}") = "UnitTests", "UnitTests", "{156531FE-7496-4F92-937F-9F5A840825C2}"
EndProject
Project("{FAE04EC0-301F-11D3-BF4B-00C04F79EFBC}") = "MotorcycleRental.Users.Domain.UnitTests", "tests\Users\UnitTests\MotorcycleRental.Users.Domain.UnitTests\MotorcycleRental.Users.Domain.UnitTests.csproj", "{083B159A-3853-461D-85C8-375460B32EC7}"
EndProject
Project("{FAE04EC0-301F-11D3-BF4B-00C04F79EFBC}") = "MotorcycleRental.Users.Infrastructure", "src\Users\MotorcycleRental.Users.Infrastructure\MotorcycleRental.Users.Infrastructure.csproj", "{D8B4E993-80A9-4ECC-B2AC-F53A3727A5BE}"
EndProject
Project("{FAE04EC0-301F-11D3-BF4B-00C04F79EFBC}") = "MotorcycleRental.Users.Application", "src\Users\MotorcycleRental.Users.Application\MotorcycleRental.Users.Application.csproj", "{412A763D-5177-4546-A3F1-49BDC3B4EF22}"
EndProject
Project("{FAE04EC0-301F-11D3-BF4B-00C04F79EFBC}") = "MotorcycleRental.Core.Migrator", "src\Core\MotorcycleRental.Core.Migrator\MotorcycleRental.Core.Migrator.csproj", "{25CF29F3-B586-4A11-9F54-04BF9C20D489}"
EndProject
Project("{FAE04EC0-301F-11D3-BF4B-00C04F79EFBC}") = "MotorcycleRental.Users.Presentation", "src\Users\MotorcycleRental.Users.Presentation\MotorcycleRental.Users.Presentation.csproj", "{99B43BD0-CEA3-44F2-A53B-A654FB101BCA}"
EndProject
Project("{2150E333-8FDC-42A3-9474-1A3956D46DE8}") = "Motorcycles", "Motorcycles", "{469C8342-6B7C-4F9B-92E9-61CCC233C0C6}"
EndProject
Project("{FAE04EC0-301F-11D3-BF4B-00C04F79EFBC}") = "MotorcycleRental.Motorcycles.Domain", "src\Motorcycles\MotorcycleRental.Motorcycles.Domain\MotorcycleRental.Motorcycles.Domain.csproj", "{F3C949B3-566D-420F-AD25-AEAF140E242A}"
EndProject
Project("{FAE04EC0-301F-11D3-BF4B-00C04F79EFBC}") = "MotorcycleRental.Motorcycles.Infrastructure", "src\Motorcycles\MotorcycleRental.Motorcycles.Infrastructure\MotorcycleRental.Motorcycles.Infrastructure.csproj", "{1D18B115-B538-4C50-B329-08FE68A28139}"
EndProject
Project("{FAE04EC0-301F-11D3-BF4B-00C04F79EFBC}") = "MotorcycleRental.Motorcycles.Application", "src\Motorcycles\MotorcycleRental.Motorcycles.Application\MotorcycleRental.Motorcycles.Application.csproj", "{F68F6AB7-4E83-4710-8F72-87F2C3DED2CC}"
EndProject
Project("{FAE04EC0-301F-11D3-BF4B-00C04F79EFBC}") = "MotorcycleRental.Motorcycles.Presentation", "src\Motorcycles\MotorcycleRental.Motorcycles.Presentation\MotorcycleRental.Motorcycles.Presentation.csproj", "{6976543A-DBC0-4363-9AAB-F6CE66B719F5}"
EndProject
Project("{2150E333-8FDC-42A3-9474-1A3956D46DE8}") = "Deliverers", "Deliverers", "{584C05FC-1F5F-4903-ACB5-9D2F906261C3}"
EndProject
Project("{FAE04EC0-301F-11D3-BF4B-00C04F79EFBC}") = "MotorcycleRental.Deliverers.Domain", "src\Deliverers\MotorcycleRental.Deliverers.Domain\MotorcycleRental.Deliverers.Domain.csproj", "{59B72889-AA3B-4376-944E-438D7B07F968}"
EndProject
Project("{FAE04EC0-301F-11D3-BF4B-00C04F79EFBC}") = "MotorcycleRental.Deliverers.Infrastructure", "src\Deliverers\MotorcycleRental.Deliverers.Infrastructure\MotorcycleRental.Deliverers.Infrastructure.csproj", "{9AB1D475-6E46-411A-8555-B94F2620007B}"
EndProject
Project("{FAE04EC0-301F-11D3-BF4B-00C04F79EFBC}") = "MotorcycleRental.Deliverers.Application", "src\Deliverers\MotorcycleRental.Deliverers.Application\MotorcycleRental.Deliverers.Application.csproj", "{047ED304-86A5-4E5B-A1D8-25848C83066F}"
EndProject
Project("{FAE04EC0-301F-11D3-BF4B-00C04F79EFBC}") = "MotorcycleRental.Deliverers.Presentation", "src\Deliverers\MotorcycleRental.Deliverers.Presentation\MotorcycleRental.Deliverers.Presentation.csproj", "{2F136A0E-2761-44E9-A2B7-EC2C8750F031}"
EndProject
Global
	GlobalSection(SolutionConfigurationPlatforms) = preSolution
		Debug|Any CPU = Debug|Any CPU
		Release|Any CPU = Release|Any CPU
	EndGlobalSection
	GlobalSection(SolutionProperties) = preSolution
		HideSolutionNode = FALSE
	EndGlobalSection
	GlobalSection(ProjectConfigurationPlatforms) = postSolution
		{4D10C939-59CF-429D-BD7A-D8DAFB5C6E4F}.Debug|Any CPU.ActiveCfg = Debug|Any CPU
		{4D10C939-59CF-429D-BD7A-D8DAFB5C6E4F}.Debug|Any CPU.Build.0 = Debug|Any CPU
		{4D10C939-59CF-429D-BD7A-D8DAFB5C6E4F}.Release|Any CPU.ActiveCfg = Release|Any CPU
		{4D10C939-59CF-429D-BD7A-D8DAFB5C6E4F}.Release|Any CPU.Build.0 = Release|Any CPU
		{BB1F7F9A-C9F0-4F31-A782-6825AE6EE1FA}.Debug|Any CPU.ActiveCfg = Debug|Any CPU
		{BB1F7F9A-C9F0-4F31-A782-6825AE6EE1FA}.Debug|Any CPU.Build.0 = Debug|Any CPU
		{BB1F7F9A-C9F0-4F31-A782-6825AE6EE1FA}.Release|Any CPU.ActiveCfg = Release|Any CPU
		{BB1F7F9A-C9F0-4F31-A782-6825AE6EE1FA}.Release|Any CPU.Build.0 = Release|Any CPU
		{CFD45757-4D35-4AF0-A44C-539C5258955B}.Debug|Any CPU.ActiveCfg = Debug|Any CPU
		{CFD45757-4D35-4AF0-A44C-539C5258955B}.Debug|Any CPU.Build.0 = Debug|Any CPU
		{CFD45757-4D35-4AF0-A44C-539C5258955B}.Release|Any CPU.ActiveCfg = Release|Any CPU
		{CFD45757-4D35-4AF0-A44C-539C5258955B}.Release|Any CPU.Build.0 = Release|Any CPU
		{54AE0651-0EB0-4940-97CF-5CDA836137EB}.Debug|Any CPU.ActiveCfg = Debug|Any CPU
		{54AE0651-0EB0-4940-97CF-5CDA836137EB}.Debug|Any CPU.Build.0 = Debug|Any CPU
		{54AE0651-0EB0-4940-97CF-5CDA836137EB}.Release|Any CPU.ActiveCfg = Release|Any CPU
		{54AE0651-0EB0-4940-97CF-5CDA836137EB}.Release|Any CPU.Build.0 = Release|Any CPU
		{E3241C44-5C21-4269-9B89-CC5C510D3A09}.Debug|Any CPU.ActiveCfg = Debug|Any CPU
		{E3241C44-5C21-4269-9B89-CC5C510D3A09}.Debug|Any CPU.Build.0 = Debug|Any CPU
		{E3241C44-5C21-4269-9B89-CC5C510D3A09}.Release|Any CPU.ActiveCfg = Release|Any CPU
		{E3241C44-5C21-4269-9B89-CC5C510D3A09}.Release|Any CPU.Build.0 = Release|Any CPU
		{03AB5AE7-0CB2-40A0-85E0-A591B73A7BAD}.Debug|Any CPU.ActiveCfg = Debug|Any CPU
		{03AB5AE7-0CB2-40A0-85E0-A591B73A7BAD}.Debug|Any CPU.Build.0 = Debug|Any CPU
		{03AB5AE7-0CB2-40A0-85E0-A591B73A7BAD}.Release|Any CPU.ActiveCfg = Release|Any CPU
		{03AB5AE7-0CB2-40A0-85E0-A591B73A7BAD}.Release|Any CPU.Build.0 = Release|Any CPU
		{AEC6012B-7BA2-404B-9925-73E37306E04A}.Debug|Any CPU.ActiveCfg = Debug|Any CPU
		{AEC6012B-7BA2-404B-9925-73E37306E04A}.Debug|Any CPU.Build.0 = Debug|Any CPU
		{AEC6012B-7BA2-404B-9925-73E37306E04A}.Release|Any CPU.ActiveCfg = Release|Any CPU
		{AEC6012B-7BA2-404B-9925-73E37306E04A}.Release|Any CPU.Build.0 = Release|Any CPU
		{1012F443-518F-4126-9DCC-D4A5FBCFE32D}.Debug|Any CPU.ActiveCfg = Debug|Any CPU
		{1012F443-518F-4126-9DCC-D4A5FBCFE32D}.Debug|Any CPU.Build.0 = Debug|Any CPU
		{1012F443-518F-4126-9DCC-D4A5FBCFE32D}.Release|Any CPU.ActiveCfg = Release|Any CPU
		{1012F443-518F-4126-9DCC-D4A5FBCFE32D}.Release|Any CPU.Build.0 = Release|Any CPU
		{083B159A-3853-461D-85C8-375460B32EC7}.Debug|Any CPU.ActiveCfg = Debug|Any CPU
		{083B159A-3853-461D-85C8-375460B32EC7}.Debug|Any CPU.Build.0 = Debug|Any CPU
		{083B159A-3853-461D-85C8-375460B32EC7}.Release|Any CPU.ActiveCfg = Release|Any CPU
		{083B159A-3853-461D-85C8-375460B32EC7}.Release|Any CPU.Build.0 = Release|Any CPU
		{D8B4E993-80A9-4ECC-B2AC-F53A3727A5BE}.Debug|Any CPU.ActiveCfg = Debug|Any CPU
		{D8B4E993-80A9-4ECC-B2AC-F53A3727A5BE}.Debug|Any CPU.Build.0 = Debug|Any CPU
		{D8B4E993-80A9-4ECC-B2AC-F53A3727A5BE}.Release|Any CPU.ActiveCfg = Release|Any CPU
		{D8B4E993-80A9-4ECC-B2AC-F53A3727A5BE}.Release|Any CPU.Build.0 = Release|Any CPU
		{412A763D-5177-4546-A3F1-49BDC3B4EF22}.Debug|Any CPU.ActiveCfg = Debug|Any CPU
		{412A763D-5177-4546-A3F1-49BDC3B4EF22}.Debug|Any CPU.Build.0 = Debug|Any CPU
		{412A763D-5177-4546-A3F1-49BDC3B4EF22}.Release|Any CPU.ActiveCfg = Release|Any CPU
		{412A763D-5177-4546-A3F1-49BDC3B4EF22}.Release|Any CPU.Build.0 = Release|Any CPU
		{25CF29F3-B586-4A11-9F54-04BF9C20D489}.Debug|Any CPU.ActiveCfg = Debug|Any CPU
		{25CF29F3-B586-4A11-9F54-04BF9C20D489}.Debug|Any CPU.Build.0 = Debug|Any CPU
		{25CF29F3-B586-4A11-9F54-04BF9C20D489}.Release|Any CPU.ActiveCfg = Release|Any CPU
		{25CF29F3-B586-4A11-9F54-04BF9C20D489}.Release|Any CPU.Build.0 = Release|Any CPU
		{99B43BD0-CEA3-44F2-A53B-A654FB101BCA}.Debug|Any CPU.ActiveCfg = Debug|Any CPU
		{99B43BD0-CEA3-44F2-A53B-A654FB101BCA}.Debug|Any CPU.Build.0 = Debug|Any CPU
		{99B43BD0-CEA3-44F2-A53B-A654FB101BCA}.Release|Any CPU.ActiveCfg = Release|Any CPU
		{99B43BD0-CEA3-44F2-A53B-A654FB101BCA}.Release|Any CPU.Build.0 = Release|Any CPU
		{F3C949B3-566D-420F-AD25-AEAF140E242A}.Debug|Any CPU.ActiveCfg = Debug|Any CPU
		{F3C949B3-566D-420F-AD25-AEAF140E242A}.Debug|Any CPU.Build.0 = Debug|Any CPU
		{F3C949B3-566D-420F-AD25-AEAF140E242A}.Release|Any CPU.ActiveCfg = Release|Any CPU
		{F3C949B3-566D-420F-AD25-AEAF140E242A}.Release|Any CPU.Build.0 = Release|Any CPU
		{1D18B115-B538-4C50-B329-08FE68A28139}.Debug|Any CPU.ActiveCfg = Debug|Any CPU
		{1D18B115-B538-4C50-B329-08FE68A28139}.Debug|Any CPU.Build.0 = Debug|Any CPU
		{1D18B115-B538-4C50-B329-08FE68A28139}.Release|Any CPU.ActiveCfg = Release|Any CPU
		{1D18B115-B538-4C50-B329-08FE68A28139}.Release|Any CPU.Build.0 = Release|Any CPU
		{F68F6AB7-4E83-4710-8F72-87F2C3DED2CC}.Debug|Any CPU.ActiveCfg = Debug|Any CPU
		{F68F6AB7-4E83-4710-8F72-87F2C3DED2CC}.Debug|Any CPU.Build.0 = Debug|Any CPU
		{F68F6AB7-4E83-4710-8F72-87F2C3DED2CC}.Release|Any CPU.ActiveCfg = Release|Any CPU
		{F68F6AB7-4E83-4710-8F72-87F2C3DED2CC}.Release|Any CPU.Build.0 = Release|Any CPU
		{6976543A-DBC0-4363-9AAB-F6CE66B719F5}.Debug|Any CPU.ActiveCfg = Debug|Any CPU
		{6976543A-DBC0-4363-9AAB-F6CE66B719F5}.Debug|Any CPU.Build.0 = Debug|Any CPU
		{6976543A-DBC0-4363-9AAB-F6CE66B719F5}.Release|Any CPU.ActiveCfg = Release|Any CPU
		{6976543A-DBC0-4363-9AAB-F6CE66B719F5}.Release|Any CPU.Build.0 = Release|Any CPU
		{59B72889-AA3B-4376-944E-438D7B07F968}.Debug|Any CPU.ActiveCfg = Debug|Any CPU
		{59B72889-AA3B-4376-944E-438D7B07F968}.Debug|Any CPU.Build.0 = Debug|Any CPU
		{59B72889-AA3B-4376-944E-438D7B07F968}.Release|Any CPU.ActiveCfg = Release|Any CPU
		{59B72889-AA3B-4376-944E-438D7B07F968}.Release|Any CPU.Build.0 = Release|Any CPU
		{9AB1D475-6E46-411A-8555-B94F2620007B}.Debug|Any CPU.ActiveCfg = Debug|Any CPU
		{9AB1D475-6E46-411A-8555-B94F2620007B}.Debug|Any CPU.Build.0 = Debug|Any CPU
		{9AB1D475-6E46-411A-8555-B94F2620007B}.Release|Any CPU.ActiveCfg = Release|Any CPU
		{9AB1D475-6E46-411A-8555-B94F2620007B}.Release|Any CPU.Build.0 = Release|Any CPU
		{047ED304-86A5-4E5B-A1D8-25848C83066F}.Debug|Any CPU.ActiveCfg = Debug|Any CPU
		{047ED304-86A5-4E5B-A1D8-25848C83066F}.Debug|Any CPU.Build.0 = Debug|Any CPU
		{047ED304-86A5-4E5B-A1D8-25848C83066F}.Release|Any CPU.ActiveCfg = Release|Any CPU
		{047ED304-86A5-4E5B-A1D8-25848C83066F}.Release|Any CPU.Build.0 = Release|Any CPU
		{2F136A0E-2761-44E9-A2B7-EC2C8750F031}.Debug|Any CPU.ActiveCfg = Debug|Any CPU
		{2F136A0E-2761-44E9-A2B7-EC2C8750F031}.Debug|Any CPU.Build.0 = Debug|Any CPU
		{2F136A0E-2761-44E9-A2B7-EC2C8750F031}.Release|Any CPU.ActiveCfg = Release|Any CPU
		{2F136A0E-2761-44E9-A2B7-EC2C8750F031}.Release|Any CPU.Build.0 = Release|Any CPU
	EndGlobalSection
	GlobalSection(NestedProjects) = preSolution
		{4DE4E21A-AF45-4B3B-8093-462B0142A515} = {66321724-0D66-4943-8F74-52ECBB719D50}
		{4D10C939-59CF-429D-BD7A-D8DAFB5C6E4F} = {4DE4E21A-AF45-4B3B-8093-462B0142A515}
		{BB1F7F9A-C9F0-4F31-A782-6825AE6EE1FA} = {4DE4E21A-AF45-4B3B-8093-462B0142A515}
		{CFD45757-4D35-4AF0-A44C-539C5258955B} = {4DE4E21A-AF45-4B3B-8093-462B0142A515}
		{54AE0651-0EB0-4940-97CF-5CDA836137EB} = {4DE4E21A-AF45-4B3B-8093-462B0142A515}
		{060F883A-8E91-4C04-B44B-8CB3F98A02ED} = {C24B0F9C-5641-4309-A77D-E275871FDD72}
		{7B81A284-E44E-49B9-A91B-3FCD89BE04D1} = {060F883A-8E91-4C04-B44B-8CB3F98A02ED}
		{E3241C44-5C21-4269-9B89-CC5C510D3A09} = {7B81A284-E44E-49B9-A91B-3FCD89BE04D1}
		{03AB5AE7-0CB2-40A0-85E0-A591B73A7BAD} = {7B81A284-E44E-49B9-A91B-3FCD89BE04D1}
		{AEC6012B-7BA2-404B-9925-73E37306E04A} = {7B81A284-E44E-49B9-A91B-3FCD89BE04D1}
		{D23FDBCF-42CE-489F-BB72-CF5F9FC1A51D} = {66321724-0D66-4943-8F74-52ECBB719D50}
		{1012F443-518F-4126-9DCC-D4A5FBCFE32D} = {D23FDBCF-42CE-489F-BB72-CF5F9FC1A51D}
		{94CF7589-D24C-4E35-B978-AEB8CBA37275} = {C24B0F9C-5641-4309-A77D-E275871FDD72}
		{156531FE-7496-4F92-937F-9F5A840825C2} = {94CF7589-D24C-4E35-B978-AEB8CBA37275}
		{083B159A-3853-461D-85C8-375460B32EC7} = {156531FE-7496-4F92-937F-9F5A840825C2}
		{D8B4E993-80A9-4ECC-B2AC-F53A3727A5BE} = {D23FDBCF-42CE-489F-BB72-CF5F9FC1A51D}
		{412A763D-5177-4546-A3F1-49BDC3B4EF22} = {D23FDBCF-42CE-489F-BB72-CF5F9FC1A51D}
		{25CF29F3-B586-4A11-9F54-04BF9C20D489} = {4DE4E21A-AF45-4B3B-8093-462B0142A515}
		{99B43BD0-CEA3-44F2-A53B-A654FB101BCA} = {D23FDBCF-42CE-489F-BB72-CF5F9FC1A51D}
		{469C8342-6B7C-4F9B-92E9-61CCC233C0C6} = {66321724-0D66-4943-8F74-52ECBB719D50}
		{F3C949B3-566D-420F-AD25-AEAF140E242A} = {469C8342-6B7C-4F9B-92E9-61CCC233C0C6}
		{1D18B115-B538-4C50-B329-08FE68A28139} = {469C8342-6B7C-4F9B-92E9-61CCC233C0C6}
		{F68F6AB7-4E83-4710-8F72-87F2C3DED2CC} = {469C8342-6B7C-4F9B-92E9-61CCC233C0C6}
		{6976543A-DBC0-4363-9AAB-F6CE66B719F5} = {469C8342-6B7C-4F9B-92E9-61CCC233C0C6}
		{584C05FC-1F5F-4903-ACB5-9D2F906261C3} = {66321724-0D66-4943-8F74-52ECBB719D50}
		{59B72889-AA3B-4376-944E-438D7B07F968} = {584C05FC-1F5F-4903-ACB5-9D2F906261C3}
		{9AB1D475-6E46-411A-8555-B94F2620007B} = {584C05FC-1F5F-4903-ACB5-9D2F906261C3}
		{047ED304-86A5-4E5B-A1D8-25848C83066F} = {584C05FC-1F5F-4903-ACB5-9D2F906261C3}
		{2F136A0E-2761-44E9-A2B7-EC2C8750F031} = {584C05FC-1F5F-4903-ACB5-9D2F906261C3}
	EndGlobalSection
EndGlobal
